Microsoft Visual Studio Solution File, Format Version 11.00
# Visual Studio 2008

Project("{F97CA8E7-773B-FE4F-8511-FA6B71DCA21B}") = "Leap Piano", "Assembly-CSharp-vs.csproj", "{6846B8B0-CA7C-3297-18DE-2468FC4DC0CB}"
EndProject
Project("{F97CA8E7-773B-FE4F-8511-FA6B71DCA21B}") = "Leap Piano", "Assembly-CSharp-Editor-vs.csproj", "{E27EAD90-664F-AC3E-AB8E-AFC50E738501}"
EndProject
Global
	GlobalSection(SolutionConfigurationPlatforms) = preSolution
		Debug|Any CPU = Debug|Any CPU
		Release|Any CPU = Release|Any CPU
	EndGlobalSection
	GlobalSection(ProjectConfigurationPlatforms) = postSolution
		{6846B8B0-CA7C-3297-18DE-2468FC4DC0CB}.Debug|Any CPU.ActiveCfg = Debug|Any CPU
		{6846B8B0-CA7C-3297-18DE-2468FC4DC0CB}.Debug|Any CPU.Build.0 = Debug|Any CPU
		{6846B8B0-CA7C-3297-18DE-2468FC4DC0CB}.Release|Any CPU.ActiveCfg = Release|Any CPU
		{6846B8B0-CA7C-3297-18DE-2468FC4DC0CB}.Release|Any CPU.Build.0 = Release|Any CPU
		{E27EAD90-664F-AC3E-AB8E-AFC50E738501}.Debug|Any CPU.ActiveCfg = Debug|Any CPU
		{E27EAD90-664F-AC3E-AB8E-AFC50E738501}.Debug|Any CPU.Build.0 = Debug|Any CPU
		{E27EAD90-664F-AC3E-AB8E-AFC50E738501}.Release|Any CPU.ActiveCfg = Release|Any CPU
		{E27EAD90-664F-AC3E-AB8E-AFC50E738501}.Release|Any CPU.Build.0 = Release|Any CPU
	EndGlobalSection
	GlobalSection(SolutionProperties) = preSolution
		HideSolutionNode = FALSE
	EndGlobalSection
															GlobalSection(MonoDevelopProperties) = preSolution
		StartupItem = Assembly-CSharp.csproj
		Policies = $0
		$0.TextStylePolicy = $1
		$1.inheritsSet = null
		$1.scope = text/x-csharp
		$0.CSharpFormattingPolicy = $2
		$2.inheritsSet = Mono
		$2.inheritsScope = text/x-csharp
		$2.scope = text/x-csharp
		$0.TextStylePolicy = $3
		$3.FileWidth = 120
		$3.TabWidth = 4
		$3.EolMarker = Unix
		$3.inheritsSet = Mono
		$3.inheritsScope = text/plain
		$3.scope = text/plain
	EndGlobalSection

EndGlobal
